// !$*UTF8*$!
{
	archiveVersion = 1;
	classes = {
	};
	objectVersion = 46;
	objects = {

/* Begin PBXBuildFile section */
		222189951EDC03F000448CE8 /* main.m in Sources */ = {isa = PBXBuildFile; fileRef = 222189941EDC03F000448CE8 /* main.m */; };
		222189981EDC03F000448CE8 /* AppDelegate.m in Sources */ = {isa = PBXBuildFile; fileRef = 222189971EDC03F000448CE8 /* AppDelegate.m */; };
		222189A01EDC03F000448CE8 /* Assets.xcassets in Resources */ = {isa = PBXBuildFile; fileRef = 2221899F1EDC03F000448CE8 /* Assets.xcassets */; };
		222189A31EDC03F000448CE8 /* LaunchScreen.storyboard in Resources */ = {isa = PBXBuildFile; fileRef = 222189A11EDC03F000448CE8 /* LaunchScreen.storyboard */; };
		223EE9D21EE053B1007F4B40 /* FBPhoto.m in Sources */ = {isa = PBXBuildFile; fileRef = 223EE9D11EE053B1007F4B40 /* FBPhoto.m */; };
		22858A221EE03E30008FA012 /* FBResultsViewController.m in Sources */ = {isa = PBXBuildFile; fileRef = 22858A201EE03E30008FA012 /* FBResultsViewController.m */; };
		22858A231EE03E30008FA012 /* FBResultsViewController.xib in Resources */ = {isa = PBXBuildFile; fileRef = 22858A211EE03E30008FA012 /* FBResultsViewController.xib */; };
		22858A261EE03E67008FA012 /* FBFlickrAPI.m in Sources */ = {isa = PBXBuildFile; fileRef = 22858A251EE03E67008FA012 /* FBFlickrAPI.m */; };
		22A617CD1EE3353D00E22878 /* FBPhotoStore.m in Sources */ = {isa = PBXBuildFile; fileRef = 22A617CC1EE3353D00E22878 /* FBPhotoStore.m */; };
/* End PBXBuildFile section */

/* Begin PBXFileReference section */
		222189901EDC03F000448CE8 /* RESTingInObjective-C.app */ = {isa = PBXFileReference; explicitFileType = wrapper.application; includeInIndex = 0; path = "RESTingInObjective-C.app"; sourceTree = BUILT_PRODUCTS_DIR; };
		222189941EDC03F000448CE8 /* main.m */ = {isa = PBXFileReference; lastKnownFileType = sourcecode.c.objc; path = main.m; sourceTree = "<group>"; };
		222189961EDC03F000448CE8 /* AppDelegate.h */ = {isa = PBXFileReference; lastKnownFileType = sourcecode.c.h; path = AppDelegate.h; sourceTree = "<group>"; };
		222189971EDC03F000448CE8 /* AppDelegate.m */ = {isa = PBXFileReference; lastKnownFileType = sourcecode.c.objc; path = AppDelegate.m; sourceTree = "<group>"; };
		2221899F1EDC03F000448CE8 /* Assets.xcassets */ = {isa = PBXFileReference; lastKnownFileType = folder.assetcatalog; path = Assets.xcassets; sourceTree = "<group>"; };
		222189A21EDC03F000448CE8 /* Base */ = {isa = PBXFileReference; lastKnownFileType = file.storyboard; name = Base; path = Base.lproj/LaunchScreen.storyboard; sourceTree = "<group>"; };
		222189A41EDC03F000448CE8 /* Info.plist */ = {isa = PBXFileReference; lastKnownFileType = text.plist.xml; path = Info.plist; sourceTree = "<group>"; };
		223EE9D01EE053B1007F4B40 /* FBPhoto.h */ = {isa = PBXFileReference; fileEncoding = 4; lastKnownFileType = sourcecode.c.h; name = FBPhoto.h; path = Model/FBPhoto.h; sourceTree = "<group>"; };
		223EE9D11EE053B1007F4B40 /* FBPhoto.m */ = {isa = PBXFileReference; fileEncoding = 4; lastKnownFileType = sourcecode.c.objc; name = FBPhoto.m; path = Model/FBPhoto.m; sourceTree = "<group>"; };
		22858A1F1EE03E30008FA012 /* FBResultsViewController.h */ = {isa = PBXFileReference; fileEncoding = 4; lastKnownFileType = sourcecode.c.h; name = FBResultsViewController.h; path = Controller/FBResultsViewController.h; sourceTree = "<group>"; };
		22858A201EE03E30008FA012 /* FBResultsViewController.m */ = {isa = PBXFileReference; fileEncoding = 4; lastKnownFileType = sourcecode.c.objc; name = FBResultsViewController.m; path = Controller/FBResultsViewController.m; sourceTree = "<group>"; };
		22858A211EE03E30008FA012 /* FBResultsViewController.xib */ = {isa = PBXFileReference; fileEncoding = 4; lastKnownFileType = file.xib; name = FBResultsViewController.xib; path = Controller/FBResultsViewController.xib; sourceTree = "<group>"; };
		22858A241EE03E67008FA012 /* FBFlickrAPI.h */ = {isa = PBXFileReference; fileEncoding = 4; lastKnownFileType = sourcecode.c.h; name = FBFlickrAPI.h; path = Model/FBFlickrAPI.h; sourceTree = "<group>"; };
		22858A251EE03E67008FA012 /* FBFlickrAPI.m */ = {isa = PBXFileReference; fileEncoding = 4; lastKnownFileType = sourcecode.c.objc; name = FBFlickrAPI.m; path = Model/FBFlickrAPI.m; sourceTree = "<group>"; };
		22A617CB1EE3353D00E22878 /* FBPhotoStore.h */ = {isa = PBXFileReference; fileEncoding = 4; lastKnownFileType = sourcecode.c.h; name = FBPhotoStore.h; path = Model/FBPhotoStore.h; sourceTree = "<group>"; };
		22A617CC1EE3353D00E22878 /* FBPhotoStore.m */ = {isa = PBXFileReference; fileEncoding = 4; lastKnownFileType = sourcecode.c.objc; name = FBPhotoStore.m; path = Model/FBPhotoStore.m; sourceTree = "<group>"; };
/* End PBXFileReference section */

/* Begin PBXFrameworksBuildPhase section */
		2221898D1EDC03F000448CE8 /* Frameworks */ = {
			isa = PBXFrameworksBuildPhase;
			buildActionMask = 2147483647;
			files = (
			);
			runOnlyForDeploymentPostprocessing = 0;
		};
/* End PBXFrameworksBuildPhase section */

/* Begin PBXGroup section */
		222189871EDC03F000448CE8 = {
			isa = PBXGroup;
			children = (
				222189921EDC03F000448CE8 /* RESTingInObjective-C */,
				222189911EDC03F000448CE8 /* Products */,
			);
			sourceTree = "<group>";
		};
		222189911EDC03F000448CE8 /* Products */ = {
			isa = PBXGroup;
			children = (
				222189901EDC03F000448CE8 /* RESTingInObjective-C.app */,
			);
			name = Products;
			sourceTree = "<group>";
		};
		222189921EDC03F000448CE8 /* RESTingInObjective-C */ = {
			isa = PBXGroup;
			children = (
				222189961EDC03F000448CE8 /* AppDelegate.h */,
				222189971EDC03F000448CE8 /* AppDelegate.m */,
				222189AB1EDC04AA00448CE8 /* Model */,
				222189AA1EDC04A400448CE8 /* Controller */,
				222189931EDC03F000448CE8 /* Supporting Files */,
			);
			path = "RESTingInObjective-C";
			sourceTree = "<group>";
		};
		222189931EDC03F000448CE8 /* Supporting Files */ = {
			isa = PBXGroup;
			children = (
				2221899F1EDC03F000448CE8 /* Assets.xcassets */,
				222189A11EDC03F000448CE8 /* LaunchScreen.storyboard */,
				222189A41EDC03F000448CE8 /* Info.plist */,
				222189941EDC03F000448CE8 /* main.m */,
			);
			name = "Supporting Files";
			sourceTree = "<group>";
		};
		222189AA1EDC04A400448CE8 /* Controller */ = {
			isa = PBXGroup;
			children = (
				222189B21EDC050000448CE8 /* FBResultsVC */,
			);
			name = Controller;
			sourceTree = "<group>";
		};
		222189AB1EDC04AA00448CE8 /* Model */ = {
			isa = PBXGroup;
			children = (
				22A617CA1EE332F900E22878 /* Photo */,
				22A617C91EE332F000E22878 /* FlickrAPI */,
				22A617C81EE332E600E22878 /* PhotoStore */,
			);
			name = Model;
			sourceTree = "<group>";
		};
		222189B21EDC050000448CE8 /* FBResultsVC */ = {
			isa = PBXGroup;
			children = (
				22858A1F1EE03E30008FA012 /* FBResultsViewController.h */,
				22858A201EE03E30008FA012 /* FBResultsViewController.m */,
				22858A211EE03E30008FA012 /* FBResultsViewController.xib */,
			);
			name = FBResultsVC;
			sourceTree = "<group>";
		};
		22A617C81EE332E600E22878 /* PhotoStore */ = {
			isa = PBXGroup;
			children = (
				22A617CB1EE3353D00E22878 /* FBPhotoStore.h */,
				22A617CC1EE3353D00E22878 /* FBPhotoStore.m */,
			);
			name = PhotoStore;
			sourceTree = "<group>";
		};
		22A617C91EE332F000E22878 /* FlickrAPI */ = {
			isa = PBXGroup;
			children = (
				22858A241EE03E67008FA012 /* FBFlickrAPI.h */,
				22858A251EE03E67008FA012 /* FBFlickrAPI.m */,
			);
			name = FlickrAPI;
			sourceTree = "<group>";
		};
		22A617CA1EE332F900E22878 /* Photo */ = {
			isa = PBXGroup;
			children = (
				223EE9D01EE053B1007F4B40 /* FBPhoto.h */,
				223EE9D11EE053B1007F4B40 /* FBPhoto.m */,
			);
			name = Photo;
			sourceTree = "<group>";
		};
/* End PBXGroup section */

/* Begin PBXNativeTarget section */
		2221898F1EDC03F000448CE8 /* RESTingInObjective-C */ = {
			isa = PBXNativeTarget;
			buildConfigurationList = 222189A71EDC03F000448CE8 /* Build configuration list for PBXNativeTarget "RESTingInObjective-C" */;
			buildPhases = (
				2221898C1EDC03F000448CE8 /* Sources */,
				2221898D1EDC03F000448CE8 /* Frameworks */,
				2221898E1EDC03F000448CE8 /* Resources */,
			);
			buildRules = (
			);
			dependencies = (
			);
			name = "RESTingInObjective-C";
			productName = "RESTingInObjective-C";
			productReference = 222189901EDC03F000448CE8 /* RESTingInObjective-C.app */;
			productType = "com.apple.product-type.application";
		};
/* End PBXNativeTarget section */

/* Begin PBXProject section */
		222189881EDC03F000448CE8 /* Project object */ = {
			isa = PBXProject;
			attributes = {
				LastUpgradeCheck = 0830;
				ORGANIZATIONNAME = "Fabijan Bajo";
				TargetAttributes = {
					2221898F1EDC03F000448CE8 = {
						CreatedOnToolsVersion = 8.3.2;
						DevelopmentTeam = UZAEKA4CYL;
						ProvisioningStyle = Automatic;
					};
				};
			};
			buildConfigurationList = 2221898B1EDC03F000448CE8 /* Build configuration list for PBXProject "RESTingInObjective-C" */;
			compatibilityVersion = "Xcode 3.2";
			developmentRegion = English;
			hasScannedForEncodings = 0;
			knownRegions = (
				en,
				Base,
			);
			mainGroup = 222189871EDC03F000448CE8;
			productRefGroup = 222189911EDC03F000448CE8 /* Products */;
			projectDirPath = "";
			projectRoot = "";
			targets = (
				2221898F1EDC03F000448CE8 /* RESTingInObjective-C */,
			);
		};
/* End PBXProject section */

/* Begin PBXResourcesBuildPhase section */
		2221898E1EDC03F000448CE8 /* Resources */ = {
			isa = PBXResourcesBuildPhase;
			buildActionMask = 2147483647;
			files = (
				22858A231EE03E30008FA012 /* FBResultsViewController.xib in Resources */,
				222189A31EDC03F000448CE8 /* LaunchScreen.storyboard in Resources */,
				222189A01EDC03F000448CE8 /* Assets.xcassets in Resources */,
			);
			runOnlyForDeploymentPostprocessing = 0;
		};
/* End PBXResourcesBuildPhase section */

/* Begin PBXSourcesBuildPhase section */
		2221898C1EDC03F000448CE8 /* Sources */ = {
			isa = PBXSourcesBuildPhase;
			buildActionMask = 2147483647;
			files = (
				222189981EDC03F000448CE8 /* AppDelegate.m in Sources */,
				22858A221EE03E30008FA012 /* FBResultsViewController.m in Sources */,
				222189951EDC03F000448CE8 /* main.m in Sources */,
				22A617CD1EE3353D00E22878 /* FBPhotoStore.m in Sources */,
				22858A261EE03E67008FA012 /* FBFlickrAPI.m in Sources */,
				223EE9D21EE053B1007F4B40 /* FBPhoto.m in Sources */,
			);
			runOnlyForDeploymentPostprocessing = 0;
		};
/* End PBXSourcesBuildPhase section */

/* Begin PBXVariantGroup section */
		222189A11EDC03F000448CE8 /* LaunchScreen.storyboard */ = {
			isa = PBXVariantGroup;
			children = (
				222189A21EDC03F000448CE8 /* Base */,
			);
			name = LaunchScreen.storyboard;
			sourceTree = "<group>";
		};
/* End PBXVariantGroup section */

/* Begin XCBuildConfiguration section */
		222189A51EDC03F000448CE8 /* Debug */ = {
			isa = XCBuildConfiguration;
			buildSettings = {
				ALWAYS_SEARCH_USER_PATHS = NO;
				CLANG_ANALYZER_NONNULL = YES;
				CLANG_ANALYZER_NUMBER_OBJECT_CONVERSION = YES_AGGRESSIVE;
				CLANG_CXX_LANGUAGE_STANDARD = "gnu++0x";
				CLANG_CXX_LIBRARY = "libc++";
				CLANG_ENABLE_MODULES = YES;
				CLANG_ENABLE_OBJC_ARC = YES;
				CLANG_WARN_BOOL_CONVERSION = YES;
				CLANG_WARN_CONSTANT_CONVERSION = YES;
				CLANG_WARN_DIRECT_OBJC_ISA_USAGE = YES_ERROR;
				CLANG_WARN_DOCUMENTATION_COMMENTS = YES;
				CLANG_WARN_EMPTY_BODY = YES;
				CLANG_WARN_ENUM_CONVERSION = YES;
				CLANG_WARN_INFINITE_RECURSION = YES;
				CLANG_WARN_INT_CONVERSION = YES;
				CLANG_WARN_OBJC_ROOT_CLASS = YES_ERROR;
				CLANG_WARN_SUSPICIOUS_MOVE = YES;
				CLANG_WARN_UNREACHABLE_CODE = YES;
				CLANG_WARN__DUPLICATE_METHOD_MATCH = YES;
				"CODE_SIGN_IDENTITY[sdk=iphoneos*]" = "iPhone Developer";
				COPY_PHASE_STRIP = NO;
				DEBUG_INFORMATION_FORMAT = dwarf;
				ENABLE_STRICT_OBJC_MSGSEND = YES;
				ENABLE_TESTABILITY = YES;
				GCC_C_LANGUAGE_STANDARD = gnu99;
				GCC_DYNAMIC_NO_PIC = NO;
				GCC_NO_COMMON_BLOCKS = YES;
				GCC_OPTIMIZATION_LEVEL = 0;
				GCC_PREPROCESSOR_DEFINITIONS = (
					"DEBUG=1",
					"$(inherited)",
				);
				GCC_WARN_64_TO_32_BIT_CONVERSION = YES;
				GCC_WARN_ABOUT_RETURN_TYPE = YES_ERROR;
				GCC_WARN_UNDECLARED_SELECTOR = YES;
				GCC_WARN_UNINITIALIZED_AUTOS = YES_AGGRESSIVE;
				GCC_WARN_UNUSED_FUNCTION = YES;
				GCC_WARN_UNUSED_VARIABLE = YES;
				IPHONEOS_DEPLOYMENT_TARGET = 10.3;
				MTL_ENABLE_DEBUG_INFO = YES;
				ONLY_ACTIVE_ARCH = YES;
				SDKROOT = iphoneos;
			};
			name = Debug;
		};
		222189A61EDC03F000448CE8 /* Release */ = {
			isa = XCBuildConfiguration;
			buildSettings = {
				ALWAYS_SEARCH_USER_PATHS = NO;
				CLANG_ANALYZER_NONNULL = YES;
				CLANG_ANALYZER_NUMBER_OBJECT_CONVERSION = YES_AGGRESSIVE;
				CLANG_CXX_LANGUAGE_STANDARD = "gnu++0x";
				CLANG_CXX_LIBRARY = "libc++";
				CLANG_ENABLE_MODULES = YES;
				CLANG_ENABLE_OBJC_ARC = YES;
				CLANG_WARN_BOOL_CONVERSION = YES;
				CLANG_WARN_CONSTANT_CONVERSION = YES;
				CLANG_WARN_DIRECT_OBJC_ISA_USAGE = YES_ERROR;
				CLANG_WARN_DOCUMENTATION_COMMENTS = YES;
				CLANG_WARN_EMPTY_BODY = YES;
				CLANG_WARN_ENUM_CONVERSION = YES;
				CLANG_WARN_INFINITE_RECURSION = YES;
				CLANG_WARN_INT_CONVERSION = YES;
				CLANG_WARN_OBJC_ROOT_CLASS = YES_ERROR;
				CLANG_WARN_SUSPICIOUS_MOVE = YES;
				CLANG_WARN_UNREACHABLE_CODE = YES;
				CLANG_WARN__DUPLICATE_METHOD_MATCH = YES;
				"CODE_SIGN_IDENTITY[sdk=iphoneos*]" = "iPhone Developer";
				COPY_PHASE_STRIP = NO;
				DEBUG_INFORMATION_FORMAT = "dwarf-with-dsym";
				ENABLE_NS_ASSERTIONS = NO;
				ENABLE_STRICT_OBJC_MSGSEND = YES;
				GCC_C_LANGUAGE_STANDARD = gnu99;
				GCC_NO_COMMON_BLOCKS = YES;
				GCC_WARN_64_TO_32_BIT_CONVERSION = YES;
				GCC_WARN_ABOUT_RETURN_TYPE = YES_ERROR;
				GCC_WARN_UNDECLARED_SELECTOR = YES;
				GCC_WARN_UNINITIALIZED_AUTOS = YES_AGGRESSIVE;
				GCC_WARN_UNUSED_FUNCTION = YES;
				GCC_WARN_UNUSED_VARIABLE = YES;
				IPHONEOS_DEPLOYMENT_TARGET = 10.3;
				MTL_ENABLE_DEBUG_INFO = NO;
				SDKROOT = iphoneos;
				VALIDATE_PRODUCT = YES;
			};
			name = Release;
		};
		222189A81EDC03F000448CE8 /* Debug */ = {
			isa = XCBuildConfiguration;
			buildSettings = {
				ASSETCATALOG_COMPILER_APPICON_NAME = AppIcon;
				DEVELOPMENT_TEAM = UZAEKA4CYL;
				INFOPLIST_FILE = "RESTingInObjective-C/Info.plist";
				LD_RUNPATH_SEARCH_PATHS = "$(inherited) @executable_path/Frameworks";
				PRODUCT_BUNDLE_IDENTIFIER = "FabijanBajo.RESTingInObjective-C";
				PRODUCT_NAME = "$(TARGET_NAME)";
			};
			name = Debug;
		};
		222189A91EDC03F000448CE8 /* Release */ = {
			isa = XCBuildConfiguration;
			buildSettings = {
				ASSETCATALOG_COMPILER_APPICON_NAME = AppIcon;
				DEVELOPMENT_TEAM = UZAEKA4CYL;
				INFOPLIST_FILE = "RESTingInObjective-C/Info.plist";
				LD_RUNPATH_SEARCH_PATHS = "$(inherited) @executable_path/Frameworks";
				PRODUCT_BUNDLE_IDENTIFIER = "FabijanBajo.RESTingInObjective-C";
				PRODUCT_NAME = "$(TARGET_NAME)";
			};
			name = Release;
		};
/* End XCBuildConfiguration section */

/* Begin XCConfigurationList section */
		2221898B1EDC03F000448CE8 /* Build configuration list for PBXProject "RESTingInObjective-C" */ = {
			isa = XCConfigurationList;
			buildConfigurations = (
				222189A51EDC03F000448CE8 /* Debug */,
				222189A61EDC03F000448CE8 /* Release */,
			);
			defaultConfigurationIsVisible = 0;
			defaultConfigurationName = Release;
		};
		222189A71EDC03F000448CE8 /* Build configuration list for PBXNativeTarget "RESTingInObjective-C" */ = {
			isa = XCConfigurationList;
			buildConfigurations = (
				222189A81EDC03F000448CE8 /* Debug */,
				222189A91EDC03F000448CE8 /* Release */,
			);
			defaultConfigurationIsVisible = 0;
			defaultConfigurationName = Release;
		};
/* End XCConfigurationList section */
	};
	rootObject = 222189881EDC03F000448CE8 /* Project object */;
}
